
Microsoft Visual Studio Solution File, Format Version 12.00
# Visual Studio Version 17
VisualStudioVersion = 17.3.32929.385
MinimumVisualStudioVersion = 10.0.40219.1
Project("{FAE04EC0-301F-11D3-BF4B-00C04F79EFBC}") = "SLVP_Uge1_FizzBuzz2", "SLVP_Uge1_FizzBuzz2.csproj", "{5020E6E5-A60E-436B-8B42-169FF7BBC147}"
EndProject
Global
	GlobalSection(SolutionConfigurationPlatforms) = preSolution
		Debug|Any CPU = Debug|Any CPU
		Release|Any CPU = Release|Any CPU
	EndGlobalSection
	GlobalSection(ProjectConfigurationPlatforms) = postSolution
		{5020E6E5-A60E-436B-8B42-169FF7BBC147}.Debug|Any CPU.ActiveCfg = Debug|Any CPU
		{5020E6E5-A60E-436B-8B42-169FF7BBC147}.Debug|Any CPU.Build.0 = Debug|Any CPU
		{5020E6E5-A60E-436B-8B42-169FF7BBC147}.Release|Any CPU.ActiveCfg = Release|Any CPU
		{5020E6E5-A60E-436B-8B42-169FF7BBC147}.Release|Any CPU.Build.0 = Release|Any CPU
	EndGlobalSection
	GlobalSection(SolutionProperties) = preSolution
		HideSolutionNode = FALSE
	EndGlobalSection
	GlobalSection(ExtensibilityGlobals) = postSolution
		SolutionGuid = {C9A1DD02-A073-4048-B9D7-BF83040D596C}
	EndGlobalSection
EndGlobal
